// !$*UTF8*$!
{
	archiveVersion = 1;
	classes = {
	};
	objectVersion = 46;
	objects = {

/* Begin PBXBuildFile section */
		88D1DA2016123CB500B33FB9 /* UIKit.framework in Frameworks */ = {isa = PBXBuildFile; fileRef = 88D1DA1F16123CB500B33FB9 /* UIKit.framework */; };
		88D1DA2216123CB500B33FB9 /* Foundation.framework in Frameworks */ = {isa = PBXBuildFile; fileRef = 88D1DA2116123CB500B33FB9 /* Foundation.framework */; };
		88D1DA2416123CB500B33FB9 /* CoreGraphics.framework in Frameworks */ = {isa = PBXBuildFile; fileRef = 88D1DA2316123CB500B33FB9 /* CoreGraphics.framework */; };
		88D1DA2A16123CB500B33FB9 /* InfoPlist.strings in Resources */ = {isa = PBXBuildFile; fileRef = 88D1DA2816123CB500B33FB9 /* InfoPlist.strings */; };
		88D1DA2C16123CB500B33FB9 /* main.m in Sources */ = {isa = PBXBuildFile; fileRef = 88D1DA2B16123CB500B33FB9 /* main.m */; };
		88D1DA3016123CB500B33FB9 /* iCloudKeysAppDelegate.m in Sources */ = {isa = PBXBuildFile; fileRef = 88D1DA2F16123CB500B33FB9 /* iCloudKeysAppDelegate.m */; };
		88D1DA3216123CB500B33FB9 /* Default.png in Resources */ = {isa = PBXBuildFile; fileRef = 88D1DA3116123CB500B33FB9 /* Default.png */; };
		88D1DA3416123CB500B33FB9 /* Default@2x.png in Resources */ = {isa = PBXBuildFile; fileRef = 88D1DA3316123CB500B33FB9 /* Default@2x.png */; };
		88D1DA3616123CB500B33FB9 /* Default-568h@2x.png in Resources */ = {isa = PBXBuildFile; fileRef = 88D1DA3516123CB500B33FB9 /* Default-568h@2x.png */; };
		88D1DA3916123CB500B33FB9 /* MainStoryboard.storyboard in Resources */ = {isa = PBXBuildFile; fileRef = 88D1DA3716123CB500B33FB9 /* MainStoryboard.storyboard */; };
		88D1DA3C16123CB500B33FB9 /* iCloudKeysViewController.m in Sources */ = {isa = PBXBuildFile; fileRef = 88D1DA3B16123CB500B33FB9 /* iCloudKeysViewController.m */; };
/* End PBXBuildFile section */

/* Begin PBXFileReference section */
		88D1DA1B16123CB500B33FB9 /* iCloudKeys.app */ = {isa = PBXFileReference; explicitFileType = wrapper.application; includeInIndex = 0; path = iCloudKeys.app; sourceTree = BUILT_PRODUCTS_DIR; };
		88D1DA1F16123CB500B33FB9 /* UIKit.framework */ = {isa = PBXFileReference; lastKnownFileType = wrapper.framework; name = UIKit.framework; path = System/Library/Frameworks/UIKit.framework; sourceTree = SDKROOT; };
		88D1DA2116123CB500B33FB9 /* Foundation.framework */ = {isa = PBXFileReference; lastKnownFileType = wrapper.framework; name = Foundation.framework; path = System/Library/Frameworks/Foundation.framework; sourceTree = SDKROOT; };
		88D1DA2316123CB500B33FB9 /* CoreGraphics.framework */ = {isa = PBXFileReference; lastKnownFileType = wrapper.framework; name = CoreGraphics.framework; path = System/Library/Frameworks/CoreGraphics.framework; sourceTree = SDKROOT; };
		88D1DA2716123CB500B33FB9 /* iCloudKeys-Info.plist */ = {isa = PBXFileReference; lastKnownFileType = text.plist.xml; path = "iCloudKeys-Info.plist"; sourceTree = "<group>"; };
		88D1DA2916123CB500B33FB9 /* en */ = {isa = PBXFileReference; lastKnownFileType = text.plist.strings; name = en; path = en.lproj/InfoPlist.strings; sourceTree = "<group>"; };
		88D1DA2B16123CB500B33FB9 /* main.m */ = {isa = PBXFileReference; lastKnownFileType = sourcecode.c.objc; path = main.m; sourceTree = "<group>"; };
		88D1DA2D16123CB500B33FB9 /* iCloudKeys-Prefix.pch */ = {isa = PBXFileReference; lastKnownFileType = sourcecode.c.h; path = "iCloudKeys-Prefix.pch"; sourceTree = "<group>"; };
		88D1DA2E16123CB500B33FB9 /* iCloudKeysAppDelegate.h */ = {isa = PBXFileReference; lastKnownFileType = sourcecode.c.h; path = iCloudKeysAppDelegate.h; sourceTree = "<group>"; };
		88D1DA2F16123CB500B33FB9 /* iCloudKeysAppDelegate.m */ = {isa = PBXFileReference; lastKnownFileType = sourcecode.c.objc; path = iCloudKeysAppDelegate.m; sourceTree = "<group>"; };
		88D1DA3116123CB500B33FB9 /* Default.png */ = {isa = PBXFileReference; lastKnownFileType = image.png; path = Default.png; sourceTree = "<group>"; };
		88D1DA3316123CB500B33FB9 /* Default@2x.png */ = {isa = PBXFileReference; lastKnownFileType = image.png; path = "Default@2x.png"; sourceTree = "<group>"; };
		88D1DA3516123CB500B33FB9 /* Default-568h@2x.png */ = {isa = PBXFileReference; lastKnownFileType = image.png; path = "Default-568h@2x.png"; sourceTree = "<group>"; };
		88D1DA3816123CB500B33FB9 /* en */ = {isa = PBXFileReference; lastKnownFileType = file.storyboard; name = en; path = en.lproj/MainStoryboard.storyboard; sourceTree = "<group>"; };
		88D1DA3A16123CB500B33FB9 /* iCloudKeysViewController.h */ = {isa = PBXFileReference; lastKnownFileType = sourcecode.c.h; path = iCloudKeysViewController.h; sourceTree = "<group>"; };
		88D1DA3B16123CB500B33FB9 /* iCloudKeysViewController.m */ = {isa = PBXFileReference; lastKnownFileType = sourcecode.c.objc; path = iCloudKeysViewController.m; sourceTree = "<group>"; };
		88D1DA4216123CE200B33FB9 /* iCloudKeys.entitlements */ = {isa = PBXFileReference; lastKnownFileType = text.xml; path = iCloudKeys.entitlements; sourceTree = "<group>"; };
/* End PBXFileReference section */

/* Begin PBXFrameworksBuildPhase section */
		88D1DA1816123CB500B33FB9 /* Frameworks */ = {
			isa = PBXFrameworksBuildPhase;
			buildActionMask = 2147483647;
			files = (
				88D1DA2016123CB500B33FB9 /* UIKit.framework in Frameworks */,
				88D1DA2216123CB500B33FB9 /* Foundation.framework in Frameworks */,
				88D1DA2416123CB500B33FB9 /* CoreGraphics.framework in Frameworks */,
			);
			runOnlyForDeploymentPostprocessing = 0;
		};
/* End PBXFrameworksBuildPhase section */

/* Begin PBXGroup section */
		88D1DA1016123CB500B33FB9 = {
			isa = PBXGroup;
			children = (
				88D1DA2516123CB500B33FB9 /* iCloudKeys */,
				88D1DA1E16123CB500B33FB9 /* Frameworks */,
				88D1DA1C16123CB500B33FB9 /* Products */,
			);
			sourceTree = "<group>";
		};
		88D1DA1C16123CB500B33FB9 /* Products */ = {
			isa = PBXGroup;
			children = (
				88D1DA1B16123CB500B33FB9 /* iCloudKeys.app */,
			);
			name = Products;
			sourceTree = "<group>";
		};
		88D1DA1E16123CB500B33FB9 /* Frameworks */ = {
			isa = PBXGroup;
			children = (
				88D1DA1F16123CB500B33FB9 /* UIKit.framework */,
				88D1DA2116123CB500B33FB9 /* Foundation.framework */,
				88D1DA2316123CB500B33FB9 /* CoreGraphics.framework */,
			);
			name = Frameworks;
			sourceTree = "<group>";
		};
		88D1DA2516123CB500B33FB9 /* iCloudKeys */ = {
			isa = PBXGroup;
			children = (
				88D1DA4216123CE200B33FB9 /* iCloudKeys.entitlements */,
				88D1DA2E16123CB500B33FB9 /* iCloudKeysAppDelegate.h */,
				88D1DA2F16123CB500B33FB9 /* iCloudKeysAppDelegate.m */,
				88D1DA3716123CB500B33FB9 /* MainStoryboard.storyboard */,
				88D1DA3A16123CB500B33FB9 /* iCloudKeysViewController.h */,
				88D1DA3B16123CB500B33FB9 /* iCloudKeysViewController.m */,
				88D1DA2616123CB500B33FB9 /* Supporting Files */,
			);
			path = iCloudKeys;
			sourceTree = "<group>";
		};
		88D1DA2616123CB500B33FB9 /* Supporting Files */ = {
			isa = PBXGroup;
			children = (
				88D1DA2716123CB500B33FB9 /* iCloudKeys-Info.plist */,
				88D1DA2816123CB500B33FB9 /* InfoPlist.strings */,
				88D1DA2B16123CB500B33FB9 /* main.m */,
				88D1DA2D16123CB500B33FB9 /* iCloudKeys-Prefix.pch */,
				88D1DA3116123CB500B33FB9 /* Default.png */,
				88D1DA3316123CB500B33FB9 /* Default@2x.png */,
				88D1DA3516123CB500B33FB9 /* Default-568h@2x.png */,
			);
			name = "Supporting Files";
			sourceTree = "<group>";
		};
/* End PBXGroup section */

/* Begin PBXNativeTarget section */
		88D1DA1A16123CB500B33FB9 /* iCloudKeys */ = {
			isa = PBXNativeTarget;
			buildConfigurationList = 88D1DA3F16123CB500B33FB9 /* Build configuration list for PBXNativeTarget "iCloudKeys" */;
			buildPhases = (
				88D1DA1716123CB500B33FB9 /* Sources */,
				88D1DA1816123CB500B33FB9 /* Frameworks */,
				88D1DA1916123CB500B33FB9 /* Resources */,
			);
			buildRules = (
			);
			dependencies = (
			);
			name = iCloudKeys;
			productName = iCloudKeys;
			productReference = 88D1DA1B16123CB500B33FB9 /* iCloudKeys.app */;
			productType = "com.apple.product-type.application";
		};
/* End PBXNativeTarget section */

/* Begin PBXProject section */
		88D1DA1216123CB500B33FB9 /* Project object */ = {
			isa = PBXProject;
			attributes = {
				CLASSPREFIX = iCloudKeys;
				LastUpgradeCheck = 0450;
				ORGANIZATIONNAME = "Neil Smyth";
			};
			buildConfigurationList = 88D1DA1516123CB500B33FB9 /* Build configuration list for PBXProject "iCloudKeys" */;
			compatibilityVersion = "Xcode 3.2";
			developmentRegion = English;
			hasScannedForEncodings = 0;
			knownRegions = (
				en,
			);
			mainGroup = 88D1DA1016123CB500B33FB9;
			productRefGroup = 88D1DA1C16123CB500B33FB9 /* Products */;
			projectDirPath = "";
			projectRoot = "";
			targets = (
				88D1DA1A16123CB500B33FB9 /* iCloudKeys */,
			);
		};
/* End PBXProject section */

/* Begin PBXResourcesBuildPhase section */
		88D1DA1916123CB500B33FB9 /* Resources */ = {
			isa = PBXResourcesBuildPhase;
			buildActionMask = 2147483647;
			files = (
				88D1DA2A16123CB500B33FB9 /* InfoPlist.strings in Resources */,
				88D1DA3216123CB500B33FB9 /* Default.png in Resources */,
				88D1DA3416123CB500B33FB9 /* Default@2x.png in Resources */,
				88D1DA3616123CB500B33FB9 /* Default-568h@2x.png in Resources */,
				88D1DA3916123CB500B33FB9 /* MainStoryboard.storyboard in Resources */,
			);
			runOnlyForDeploymentPostprocessing = 0;
		};
/* End PBXResourcesBuildPhase section */

/* Begin PBXSourcesBuildPhase section */
		88D1DA1716123CB500B33FB9 /* Sources */ = {
			isa = PBXSourcesBuildPhase;
			buildActionMask = 2147483647;
			files = (
				88D1DA2C16123CB500B33FB9 /* main.m in Sources */,
				88D1DA3016123CB500B33FB9 /* iCloudKeysAppDelegate.m in Sources */,
				88D1DA3C16123CB500B33FB9 /* iCloudKeysViewController.m in Sources */,
			);
			runOnlyForDeploymentPostprocessing = 0;
		};
/* End PBXSourcesBuildPhase section */

/* Begin PBXVariantGroup section */
		88D1DA2816123CB500B33FB9 /* InfoPlist.strings */ = {
			isa = PBXVariantGroup;
			children = (
				88D1DA2916123CB500B33FB9 /* en */,
			);
			name = InfoPlist.strings;
			sourceTree = "<group>";
		};
		88D1DA3716123CB500B33FB9 /* MainStoryboard.storyboard */ = {
			isa = PBXVariantGroup;
			children = (
				88D1DA3816123CB500B33FB9 /* en */,
			);
			name = MainStoryboard.storyboard;
			sourceTree = "<group>";
		};
/* End PBXVariantGroup section */

/* Begin XCBuildConfiguration section */
		88D1DA3D16123CB500B33FB9 /* Debug */ = {
			isa = XCBuildConfiguration;
			buildSettings = {
				ALWAYS_SEARCH_USER_PATHS = NO;
				CLANG_CXX_LANGUAGE_STANDARD = "gnu++0x";
				CLANG_CXX_LIBRARY = "libc++";
				CLANG_ENABLE_OBJC_ARC = YES;
				CLANG_WARN_EMPTY_BODY = YES;
				CLANG_WARN__DUPLICATE_METHOD_MATCH = YES;
				"CODE_SIGN_IDENTITY[sdk=iphoneos*]" = "iPhone Developer";
				COPY_PHASE_STRIP = NO;
				GCC_C_LANGUAGE_STANDARD = gnu99;
				GCC_DYNAMIC_NO_PIC = NO;
				GCC_OPTIMIZATION_LEVEL = 0;
				GCC_PREPROCESSOR_DEFINITIONS = (
					"DEBUG=1",
					"$(inherited)",
				);
				GCC_SYMBOLS_PRIVATE_EXTERN = NO;
				GCC_WARN_ABOUT_RETURN_TYPE = YES;
				GCC_WARN_UNINITIALIZED_AUTOS = YES;
				GCC_WARN_UNUSED_VARIABLE = YES;
				IPHONEOS_DEPLOYMENT_TARGET = 6.0;
				SDKROOT = iphoneos;
			};
			name = Debug;
		};
		88D1DA3E16123CB500B33FB9 /* Release */ = {
			isa = XCBuildConfiguration;
			buildSettings = {
				ALWAYS_SEARCH_USER_PATHS = NO;
				CLANG_CXX_LANGUAGE_STANDARD = "gnu++0x";
				CLANG_CXX_LIBRARY = "libc++";
				CLANG_ENABLE_OBJC_ARC = YES;
				CLANG_WARN_EMPTY_BODY = YES;
				CLANG_WARN__DUPLICATE_METHOD_MATCH = YES;
				"CODE_SIGN_IDENTITY[sdk=iphoneos*]" = "iPhone Developer";
				COPY_PHASE_STRIP = YES;
				GCC_C_LANGUAGE_STANDARD = gnu99;
				GCC_WARN_ABOUT_RETURN_TYPE = YES;
				GCC_WARN_UNINITIALIZED_AUTOS = YES;
				GCC_WARN_UNUSED_VARIABLE = YES;
				IPHONEOS_DEPLOYMENT_TARGET = 6.0;
				OTHER_CFLAGS = "-DNS_BLOCK_ASSERTIONS=1";
				SDKROOT = iphoneos;
				VALIDATE_PRODUCT = YES;
			};
			name = Release;
		};
		88D1DA4016123CB500B33FB9 /* Debug */ = {
			isa = XCBuildConfiguration;
			buildSettings = {
				CODE_SIGN_ENTITLEMENTS = iCloudKeys/iCloudKeys.entitlements;
				GCC_PRECOMPILE_PREFIX_HEADER = YES;
				GCC_PREFIX_HEADER = "iCloudKeys/iCloudKeys-Prefix.pch";
				INFOPLIST_FILE = "iCloudKeys/iCloudKeys-Info.plist";
				PRODUCT_NAME = "$(TARGET_NAME)";
				WRAPPER_EXTENSION = app;
			};
			name = Debug;
		};
		88D1DA4116123CB500B33FB9 /* Release */ = {
			isa = XCBuildConfiguration;
			buildSettings = {
				CODE_SIGN_ENTITLEMENTS = iCloudKeys/iCloudKeys.entitlements;
				GCC_PRECOMPILE_PREFIX_HEADER = YES;
				GCC_PREFIX_HEADER = "iCloudKeys/iCloudKeys-Prefix.pch";
				INFOPLIST_FILE = "iCloudKeys/iCloudKeys-Info.plist";
				PRODUCT_NAME = "$(TARGET_NAME)";
				WRAPPER_EXTENSION = app;
			};
			name = Release;
		};
/* End XCBuildConfiguration section */

/* Begin XCConfigurationList section */
		88D1DA1516123CB500B33FB9 /* Build configuration list for PBXProject "iCloudKeys" */ = {
			isa = XCConfigurationList;
			buildConfigurations = (
				88D1DA3D16123CB500B33FB9 /* Debug */,
				88D1DA3E16123CB500B33FB9 /* Release */,
			);
			defaultConfigurationIsVisible = 0;
			defaultConfigurationName = Release;
		};
		88D1DA3F16123CB500B33FB9 /* Build configuration list for PBXNativeTarget "iCloudKeys" */ = {
			isa = XCConfigurationList;
			buildConfigurations = (
				88D1DA4016123CB500B33FB9 /* Debug */,
				88D1DA4116123CB500B33FB9 /* Release */,
			);
			defaultConfigurationIsVisible = 0;
		};
/* End XCConfigurationList section */
	};
	rootObject = 88D1DA1216123CB500B33FB9 /* Project object */;
}
