// !$*UTF8*$!
{
	archiveVersion = 1;
	classes = {
	};
	objectVersion = 46;
	objects = {

/* Begin PBXBuildFile section */
		883C52361612133300762030 /* UIKit.framework in Frameworks */ = {isa = PBXBuildFile; fileRef = 883C52351612133200762030 /* UIKit.framework */; };
		883C52381612133300762030 /* Foundation.framework in Frameworks */ = {isa = PBXBuildFile; fileRef = 883C52371612133300762030 /* Foundation.framework */; };
		883C523A1612133300762030 /* CoreGraphics.framework in Frameworks */ = {isa = PBXBuildFile; fileRef = 883C52391612133300762030 /* CoreGraphics.framework */; };
		883C52401612133300762030 /* InfoPlist.strings in Resources */ = {isa = PBXBuildFile; fileRef = 883C523E1612133300762030 /* InfoPlist.strings */; };
		883C52421612133300762030 /* main.m in Sources */ = {isa = PBXBuildFile; fileRef = 883C52411612133300762030 /* main.m */; };
		883C52461612133300762030 /* DatePickerAppDelegate.m in Sources */ = {isa = PBXBuildFile; fileRef = 883C52451612133300762030 /* DatePickerAppDelegate.m */; };
		883C52481612133300762030 /* Default.png in Resources */ = {isa = PBXBuildFile; fileRef = 883C52471612133300762030 /* Default.png */; };
		883C524A1612133300762030 /* Default@2x.png in Resources */ = {isa = PBXBuildFile; fileRef = 883C52491612133300762030 /* Default@2x.png */; };
		883C524C1612133300762030 /* Default-568h@2x.png in Resources */ = {isa = PBXBuildFile; fileRef = 883C524B1612133300762030 /* Default-568h@2x.png */; };
		883C524F1612133300762030 /* MainStoryboard.storyboard in Resources */ = {isa = PBXBuildFile; fileRef = 883C524D1612133300762030 /* MainStoryboard.storyboard */; };
		883C52521612133300762030 /* DatePickerViewController.m in Sources */ = {isa = PBXBuildFile; fileRef = 883C52511612133300762030 /* DatePickerViewController.m */; };
/* End PBXBuildFile section */

/* Begin PBXFileReference section */
		883C52311612133200762030 /* DatePicker.app */ = {isa = PBXFileReference; explicitFileType = wrapper.application; includeInIndex = 0; path = DatePicker.app; sourceTree = BUILT_PRODUCTS_DIR; };
		883C52351612133200762030 /* UIKit.framework */ = {isa = PBXFileReference; lastKnownFileType = wrapper.framework; name = UIKit.framework; path = System/Library/Frameworks/UIKit.framework; sourceTree = SDKROOT; };
		883C52371612133300762030 /* Foundation.framework */ = {isa = PBXFileReference; lastKnownFileType = wrapper.framework; name = Foundation.framework; path = System/Library/Frameworks/Foundation.framework; sourceTree = SDKROOT; };
		883C52391612133300762030 /* CoreGraphics.framework */ = {isa = PBXFileReference; lastKnownFileType = wrapper.framework; name = CoreGraphics.framework; path = System/Library/Frameworks/CoreGraphics.framework; sourceTree = SDKROOT; };
		883C523D1612133300762030 /* DatePicker-Info.plist */ = {isa = PBXFileReference; lastKnownFileType = text.plist.xml; path = "DatePicker-Info.plist"; sourceTree = "<group>"; };
		883C523F1612133300762030 /* en */ = {isa = PBXFileReference; lastKnownFileType = text.plist.strings; name = en; path = en.lproj/InfoPlist.strings; sourceTree = "<group>"; };
		883C52411612133300762030 /* main.m */ = {isa = PBXFileReference; lastKnownFileType = sourcecode.c.objc; path = main.m; sourceTree = "<group>"; };
		883C52431612133300762030 /* DatePicker-Prefix.pch */ = {isa = PBXFileReference; lastKnownFileType = sourcecode.c.h; path = "DatePicker-Prefix.pch"; sourceTree = "<group>"; };
		883C52441612133300762030 /* DatePickerAppDelegate.h */ = {isa = PBXFileReference; lastKnownFileType = sourcecode.c.h; path = DatePickerAppDelegate.h; sourceTree = "<group>"; };
		883C52451612133300762030 /* DatePickerAppDelegate.m */ = {isa = PBXFileReference; lastKnownFileType = sourcecode.c.objc; path = DatePickerAppDelegate.m; sourceTree = "<group>"; };
		883C52471612133300762030 /* Default.png */ = {isa = PBXFileReference; lastKnownFileType = image.png; path = Default.png; sourceTree = "<group>"; };
		883C52491612133300762030 /* Default@2x.png */ = {isa = PBXFileReference; lastKnownFileType = image.png; path = "Default@2x.png"; sourceTree = "<group>"; };
		883C524B1612133300762030 /* Default-568h@2x.png */ = {isa = PBXFileReference; lastKnownFileType = image.png; path = "Default-568h@2x.png"; sourceTree = "<group>"; };
		883C524E1612133300762030 /* en */ = {isa = PBXFileReference; lastKnownFileType = file.storyboard; name = en; path = en.lproj/MainStoryboard.storyboard; sourceTree = "<group>"; };
		883C52501612133300762030 /* DatePickerViewController.h */ = {isa = PBXFileReference; lastKnownFileType = sourcecode.c.h; path = DatePickerViewController.h; sourceTree = "<group>"; };
		883C52511612133300762030 /* DatePickerViewController.m */ = {isa = PBXFileReference; lastKnownFileType = sourcecode.c.objc; path = DatePickerViewController.m; sourceTree = "<group>"; };
/* End PBXFileReference section */

/* Begin PBXFrameworksBuildPhase section */
		883C522E1612133200762030 /* Frameworks */ = {
			isa = PBXFrameworksBuildPhase;
			buildActionMask = 2147483647;
			files = (
				883C52361612133300762030 /* UIKit.framework in Frameworks */,
				883C52381612133300762030 /* Foundation.framework in Frameworks */,
				883C523A1612133300762030 /* CoreGraphics.framework in Frameworks */,
			);
			runOnlyForDeploymentPostprocessing = 0;
		};
/* End PBXFrameworksBuildPhase section */

/* Begin PBXGroup section */
		883C52261612133200762030 = {
			isa = PBXGroup;
			children = (
				883C523B1612133300762030 /* DatePicker */,
				883C52341612133200762030 /* Frameworks */,
				883C52321612133200762030 /* Products */,
			);
			sourceTree = "<group>";
		};
		883C52321612133200762030 /* Products */ = {
			isa = PBXGroup;
			children = (
				883C52311612133200762030 /* DatePicker.app */,
			);
			name = Products;
			sourceTree = "<group>";
		};
		883C52341612133200762030 /* Frameworks */ = {
			isa = PBXGroup;
			children = (
				883C52351612133200762030 /* UIKit.framework */,
				883C52371612133300762030 /* Foundation.framework */,
				883C52391612133300762030 /* CoreGraphics.framework */,
			);
			name = Frameworks;
			sourceTree = "<group>";
		};
		883C523B1612133300762030 /* DatePicker */ = {
			isa = PBXGroup;
			children = (
				883C52441612133300762030 /* DatePickerAppDelegate.h */,
				883C52451612133300762030 /* DatePickerAppDelegate.m */,
				883C524D1612133300762030 /* MainStoryboard.storyboard */,
				883C52501612133300762030 /* DatePickerViewController.h */,
				883C52511612133300762030 /* DatePickerViewController.m */,
				883C523C1612133300762030 /* Supporting Files */,
			);
			path = DatePicker;
			sourceTree = "<group>";
		};
		883C523C1612133300762030 /* Supporting Files */ = {
			isa = PBXGroup;
			children = (
				883C523D1612133300762030 /* DatePicker-Info.plist */,
				883C523E1612133300762030 /* InfoPlist.strings */,
				883C52411612133300762030 /* main.m */,
				883C52431612133300762030 /* DatePicker-Prefix.pch */,
				883C52471612133300762030 /* Default.png */,
				883C52491612133300762030 /* Default@2x.png */,
				883C524B1612133300762030 /* Default-568h@2x.png */,
			);
			name = "Supporting Files";
			sourceTree = "<group>";
		};
/* End PBXGroup section */

/* Begin PBXNativeTarget section */
		883C52301612133200762030 /* DatePicker */ = {
			isa = PBXNativeTarget;
			buildConfigurationList = 883C52551612133300762030 /* Build configuration list for PBXNativeTarget "DatePicker" */;
			buildPhases = (
				883C522D1612133200762030 /* Sources */,
				883C522E1612133200762030 /* Frameworks */,
				883C522F1612133200762030 /* Resources */,
			);
			buildRules = (
			);
			dependencies = (
			);
			name = DatePicker;
			productName = DatePicker;
			productReference = 883C52311612133200762030 /* DatePicker.app */;
			productType = "com.apple.product-type.application";
		};
/* End PBXNativeTarget section */

/* Begin PBXProject section */
		883C52281612133200762030 /* Project object */ = {
			isa = PBXProject;
			attributes = {
				CLASSPREFIX = DatePicker;
				LastUpgradeCheck = 0450;
				ORGANIZATIONNAME = "Neil Smyth";
			};
			buildConfigurationList = 883C522B1612133200762030 /* Build configuration list for PBXProject "DatePicker" */;
			compatibilityVersion = "Xcode 3.2";
			developmentRegion = English;
			hasScannedForEncodings = 0;
			knownRegions = (
				en,
			);
			mainGroup = 883C52261612133200762030;
			productRefGroup = 883C52321612133200762030 /* Products */;
			projectDirPath = "";
			projectRoot = "";
			targets = (
				883C52301612133200762030 /* DatePicker */,
			);
		};
/* End PBXProject section */

/* Begin PBXResourcesBuildPhase section */
		883C522F1612133200762030 /* Resources */ = {
			isa = PBXResourcesBuildPhase;
			buildActionMask = 2147483647;
			files = (
				883C52401612133300762030 /* InfoPlist.strings in Resources */,
				883C52481612133300762030 /* Default.png in Resources */,
				883C524A1612133300762030 /* Default@2x.png in Resources */,
				883C524C1612133300762030 /* Default-568h@2x.png in Resources */,
				883C524F1612133300762030 /* MainStoryboard.storyboard in Resources */,
			);
			runOnlyForDeploymentPostprocessing = 0;
		};
/* End PBXResourcesBuildPhase section */

/* Begin PBXSourcesBuildPhase section */
		883C522D1612133200762030 /* Sources */ = {
			isa = PBXSourcesBuildPhase;
			buildActionMask = 2147483647;
			files = (
				883C52421612133300762030 /* main.m in Sources */,
				883C52461612133300762030 /* DatePickerAppDelegate.m in Sources */,
				883C52521612133300762030 /* DatePickerViewController.m in Sources */,
			);
			runOnlyForDeploymentPostprocessing = 0;
		};
/* End PBXSourcesBuildPhase section */

/* Begin PBXVariantGroup section */
		883C523E1612133300762030 /* InfoPlist.strings */ = {
			isa = PBXVariantGroup;
			children = (
				883C523F1612133300762030 /* en */,
			);
			name = InfoPlist.strings;
			sourceTree = "<group>";
		};
		883C524D1612133300762030 /* MainStoryboard.storyboard */ = {
			isa = PBXVariantGroup;
			children = (
				883C524E1612133300762030 /* en */,
			);
			name = MainStoryboard.storyboard;
			sourceTree = "<group>";
		};
/* End PBXVariantGroup section */

/* Begin XCBuildConfiguration section */
		883C52531612133300762030 /* Debug */ = {
			isa = XCBuildConfiguration;
			buildSettings = {
				ALWAYS_SEARCH_USER_PATHS = NO;
				CLANG_CXX_LANGUAGE_STANDARD = "gnu++0x";
				CLANG_CXX_LIBRARY = "libc++";
				CLANG_ENABLE_OBJC_ARC = YES;
				CLANG_WARN_EMPTY_BODY = YES;
				CLANG_WARN__DUPLICATE_METHOD_MATCH = YES;
				"CODE_SIGN_IDENTITY[sdk=iphoneos*]" = "iPhone Developer";
				COPY_PHASE_STRIP = NO;
				GCC_C_LANGUAGE_STANDARD = gnu99;
				GCC_DYNAMIC_NO_PIC = NO;
				GCC_OPTIMIZATION_LEVEL = 0;
				GCC_PREPROCESSOR_DEFINITIONS = (
					"DEBUG=1",
					"$(inherited)",
				);
				GCC_SYMBOLS_PRIVATE_EXTERN = NO;
				GCC_WARN_ABOUT_RETURN_TYPE = YES;
				GCC_WARN_UNINITIALIZED_AUTOS = YES;
				GCC_WARN_UNUSED_VARIABLE = YES;
				IPHONEOS_DEPLOYMENT_TARGET = 6.0;
				SDKROOT = iphoneos;
			};
			name = Debug;
		};
		883C52541612133300762030 /* Release */ = {
			isa = XCBuildConfiguration;
			buildSettings = {
				ALWAYS_SEARCH_USER_PATHS = NO;
				CLANG_CXX_LANGUAGE_STANDARD = "gnu++0x";
				CLANG_CXX_LIBRARY = "libc++";
				CLANG_ENABLE_OBJC_ARC = YES;
				CLANG_WARN_EMPTY_BODY = YES;
				CLANG_WARN__DUPLICATE_METHOD_MATCH = YES;
				"CODE_SIGN_IDENTITY[sdk=iphoneos*]" = "iPhone Developer";
				COPY_PHASE_STRIP = YES;
				GCC_C_LANGUAGE_STANDARD = gnu99;
				GCC_WARN_ABOUT_RETURN_TYPE = YES;
				GCC_WARN_UNINITIALIZED_AUTOS = YES;
				GCC_WARN_UNUSED_VARIABLE = YES;
				IPHONEOS_DEPLOYMENT_TARGET = 6.0;
				OTHER_CFLAGS = "-DNS_BLOCK_ASSERTIONS=1";
				SDKROOT = iphoneos;
				VALIDATE_PRODUCT = YES;
			};
			name = Release;
		};
		883C52561612133300762030 /* Debug */ = {
			isa = XCBuildConfiguration;
			buildSettings = {
				GCC_PRECOMPILE_PREFIX_HEADER = YES;
				GCC_PREFIX_HEADER = "DatePicker/DatePicker-Prefix.pch";
				INFOPLIST_FILE = "DatePicker/DatePicker-Info.plist";
				PRODUCT_NAME = "$(TARGET_NAME)";
				WRAPPER_EXTENSION = app;
			};
			name = Debug;
		};
		883C52571612133300762030 /* Release */ = {
			isa = XCBuildConfiguration;
			buildSettings = {
				GCC_PRECOMPILE_PREFIX_HEADER = YES;
				GCC_PREFIX_HEADER = "DatePicker/DatePicker-Prefix.pch";
				INFOPLIST_FILE = "DatePicker/DatePicker-Info.plist";
				PRODUCT_NAME = "$(TARGET_NAME)";
				WRAPPER_EXTENSION = app;
			};
			name = Release;
		};
/* End XCBuildConfiguration section */

/* Begin XCConfigurationList section */
		883C522B1612133200762030 /* Build configuration list for PBXProject "DatePicker" */ = {
			isa = XCConfigurationList;
			buildConfigurations = (
				883C52531612133300762030 /* Debug */,
				883C52541612133300762030 /* Release */,
			);
			defaultConfigurationIsVisible = 0;
			defaultConfigurationName = Release;
		};
		883C52551612133300762030 /* Build configuration list for PBXNativeTarget "DatePicker" */ = {
			isa = XCConfigurationList;
			buildConfigurations = (
				883C52561612133300762030 /* Debug */,
				883C52571612133300762030 /* Release */,
			);
			defaultConfigurationIsVisible = 0;
		};
/* End XCConfigurationList section */
	};
	rootObject = 883C52281612133200762030 /* Project object */;
}
