// !$*UTF8*$!
{
	archiveVersion = 1;
	classes = {
	};
	objectVersion = 46;
	objects = {

/* Begin PBXBuildFile section */
		883C4FDD1610E86900762030 /* UIKit.framework in Frameworks */ = {isa = PBXBuildFile; fileRef = 883C4FDC1610E86900762030 /* UIKit.framework */; };
		883C4FDF1610E86900762030 /* Foundation.framework in Frameworks */ = {isa = PBXBuildFile; fileRef = 883C4FDE1610E86900762030 /* Foundation.framework */; };
		883C4FE11610E86900762030 /* CoreGraphics.framework in Frameworks */ = {isa = PBXBuildFile; fileRef = 883C4FE01610E86900762030 /* CoreGraphics.framework */; };
		883C4FE71610E86900762030 /* InfoPlist.strings in Resources */ = {isa = PBXBuildFile; fileRef = 883C4FE51610E86900762030 /* InfoPlist.strings */; };
		883C4FE91610E86900762030 /* main.m in Sources */ = {isa = PBXBuildFile; fileRef = 883C4FE81610E86900762030 /* main.m */; };
		883C4FED1610E86900762030 /* StoryboardAppDelegate.m in Sources */ = {isa = PBXBuildFile; fileRef = 883C4FEC1610E86900762030 /* StoryboardAppDelegate.m */; };
		883C4FEF1610E86900762030 /* Default.png in Resources */ = {isa = PBXBuildFile; fileRef = 883C4FEE1610E86900762030 /* Default.png */; };
		883C4FF11610E86900762030 /* Default@2x.png in Resources */ = {isa = PBXBuildFile; fileRef = 883C4FF01610E86900762030 /* Default@2x.png */; };
		883C4FF31610E86900762030 /* Default-568h@2x.png in Resources */ = {isa = PBXBuildFile; fileRef = 883C4FF21610E86900762030 /* Default-568h@2x.png */; };
		883C4FF61610E86900762030 /* MainStoryboard.storyboard in Resources */ = {isa = PBXBuildFile; fileRef = 883C4FF41610E86900762030 /* MainStoryboard.storyboard */; };
		883C4FF91610E86900762030 /* StoryboardViewController.m in Sources */ = {isa = PBXBuildFile; fileRef = 883C4FF81610E86900762030 /* StoryboardViewController.m */; };
		883C50011610EA4B00762030 /* Scene2ViewController.m in Sources */ = {isa = PBXBuildFile; fileRef = 883C50001610EA4B00762030 /* Scene2ViewController.m */; };
/* End PBXBuildFile section */

/* Begin PBXFileReference section */
		883C4FD81610E86900762030 /* Storyboard.app */ = {isa = PBXFileReference; explicitFileType = wrapper.application; includeInIndex = 0; path = Storyboard.app; sourceTree = BUILT_PRODUCTS_DIR; };
		883C4FDC1610E86900762030 /* UIKit.framework */ = {isa = PBXFileReference; lastKnownFileType = wrapper.framework; name = UIKit.framework; path = System/Library/Frameworks/UIKit.framework; sourceTree = SDKROOT; };
		883C4FDE1610E86900762030 /* Foundation.framework */ = {isa = PBXFileReference; lastKnownFileType = wrapper.framework; name = Foundation.framework; path = System/Library/Frameworks/Foundation.framework; sourceTree = SDKROOT; };
		883C4FE01610E86900762030 /* CoreGraphics.framework */ = {isa = PBXFileReference; lastKnownFileType = wrapper.framework; name = CoreGraphics.framework; path = System/Library/Frameworks/CoreGraphics.framework; sourceTree = SDKROOT; };
		883C4FE41610E86900762030 /* Storyboard-Info.plist */ = {isa = PBXFileReference; lastKnownFileType = text.plist.xml; path = "Storyboard-Info.plist"; sourceTree = "<group>"; };
		883C4FE61610E86900762030 /* en */ = {isa = PBXFileReference; lastKnownFileType = text.plist.strings; name = en; path = en.lproj/InfoPlist.strings; sourceTree = "<group>"; };
		883C4FE81610E86900762030 /* main.m */ = {isa = PBXFileReference; lastKnownFileType = sourcecode.c.objc; path = main.m; sourceTree = "<group>"; };
		883C4FEA1610E86900762030 /* Storyboard-Prefix.pch */ = {isa = PBXFileReference; lastKnownFileType = sourcecode.c.h; path = "Storyboard-Prefix.pch"; sourceTree = "<group>"; };
		883C4FEB1610E86900762030 /* StoryboardAppDelegate.h */ = {isa = PBXFileReference; lastKnownFileType = sourcecode.c.h; path = StoryboardAppDelegate.h; sourceTree = "<group>"; };
		883C4FEC1610E86900762030 /* StoryboardAppDelegate.m */ = {isa = PBXFileReference; lastKnownFileType = sourcecode.c.objc; path = StoryboardAppDelegate.m; sourceTree = "<group>"; };
		883C4FEE1610E86900762030 /* Default.png */ = {isa = PBXFileReference; lastKnownFileType = image.png; path = Default.png; sourceTree = "<group>"; };
		883C4FF01610E86900762030 /* Default@2x.png */ = {isa = PBXFileReference; lastKnownFileType = image.png; path = "Default@2x.png"; sourceTree = "<group>"; };
		883C4FF21610E86900762030 /* Default-568h@2x.png */ = {isa = PBXFileReference; lastKnownFileType = image.png; path = "Default-568h@2x.png"; sourceTree = "<group>"; };
		883C4FF51610E86900762030 /* en */ = {isa = PBXFileReference; lastKnownFileType = file.storyboard; name = en; path = en.lproj/MainStoryboard.storyboard; sourceTree = "<group>"; };
		883C4FF71610E86900762030 /* StoryboardViewController.h */ = {isa = PBXFileReference; lastKnownFileType = sourcecode.c.h; path = StoryboardViewController.h; sourceTree = "<group>"; };
		883C4FF81610E86900762030 /* StoryboardViewController.m */ = {isa = PBXFileReference; lastKnownFileType = sourcecode.c.objc; path = StoryboardViewController.m; sourceTree = "<group>"; };
		883C4FFF1610EA4B00762030 /* Scene2ViewController.h */ = {isa = PBXFileReference; fileEncoding = 4; lastKnownFileType = sourcecode.c.h; name = Scene2ViewController.h; path = Storyboard/Scene2ViewController.h; sourceTree = "<group>"; };
		883C50001610EA4B00762030 /* Scene2ViewController.m */ = {isa = PBXFileReference; fileEncoding = 4; lastKnownFileType = sourcecode.c.objc; name = Scene2ViewController.m; path = Storyboard/Scene2ViewController.m; sourceTree = "<group>"; };
/* End PBXFileReference section */

/* Begin PBXFrameworksBuildPhase section */
		883C4FD51610E86900762030 /* Frameworks */ = {
			isa = PBXFrameworksBuildPhase;
			buildActionMask = 2147483647;
			files = (
				883C4FDD1610E86900762030 /* UIKit.framework in Frameworks */,
				883C4FDF1610E86900762030 /* Foundation.framework in Frameworks */,
				883C4FE11610E86900762030 /* CoreGraphics.framework in Frameworks */,
			);
			runOnlyForDeploymentPostprocessing = 0;
		};
/* End PBXFrameworksBuildPhase section */

/* Begin PBXGroup section */
		883C4FCD1610E86900762030 = {
			isa = PBXGroup;
			children = (
				883C4FFF1610EA4B00762030 /* Scene2ViewController.h */,
				883C50001610EA4B00762030 /* Scene2ViewController.m */,
				883C4FE21610E86900762030 /* Storyboard */,
				883C4FDB1610E86900762030 /* Frameworks */,
				883C4FD91610E86900762030 /* Products */,
			);
			sourceTree = "<group>";
		};
		883C4FD91610E86900762030 /* Products */ = {
			isa = PBXGroup;
			children = (
				883C4FD81610E86900762030 /* Storyboard.app */,
			);
			name = Products;
			sourceTree = "<group>";
		};
		883C4FDB1610E86900762030 /* Frameworks */ = {
			isa = PBXGroup;
			children = (
				883C4FDC1610E86900762030 /* UIKit.framework */,
				883C4FDE1610E86900762030 /* Foundation.framework */,
				883C4FE01610E86900762030 /* CoreGraphics.framework */,
			);
			name = Frameworks;
			sourceTree = "<group>";
		};
		883C4FE21610E86900762030 /* Storyboard */ = {
			isa = PBXGroup;
			children = (
				883C4FEB1610E86900762030 /* StoryboardAppDelegate.h */,
				883C4FEC1610E86900762030 /* StoryboardAppDelegate.m */,
				883C4FF41610E86900762030 /* MainStoryboard.storyboard */,
				883C4FF71610E86900762030 /* StoryboardViewController.h */,
				883C4FF81610E86900762030 /* StoryboardViewController.m */,
				883C4FE31610E86900762030 /* Supporting Files */,
			);
			path = Storyboard;
			sourceTree = "<group>";
		};
		883C4FE31610E86900762030 /* Supporting Files */ = {
			isa = PBXGroup;
			children = (
				883C4FE41610E86900762030 /* Storyboard-Info.plist */,
				883C4FE51610E86900762030 /* InfoPlist.strings */,
				883C4FE81610E86900762030 /* main.m */,
				883C4FEA1610E86900762030 /* Storyboard-Prefix.pch */,
				883C4FEE1610E86900762030 /* Default.png */,
				883C4FF01610E86900762030 /* Default@2x.png */,
				883C4FF21610E86900762030 /* Default-568h@2x.png */,
			);
			name = "Supporting Files";
			sourceTree = "<group>";
		};
/* End PBXGroup section */

/* Begin PBXNativeTarget section */
		883C4FD71610E86900762030 /* Storyboard */ = {
			isa = PBXNativeTarget;
			buildConfigurationList = 883C4FFC1610E86900762030 /* Build configuration list for PBXNativeTarget "Storyboard" */;
			buildPhases = (
				883C4FD41610E86900762030 /* Sources */,
				883C4FD51610E86900762030 /* Frameworks */,
				883C4FD61610E86900762030 /* Resources */,
			);
			buildRules = (
			);
			dependencies = (
			);
			name = Storyboard;
			productName = Storyboard;
			productReference = 883C4FD81610E86900762030 /* Storyboard.app */;
			productType = "com.apple.product-type.application";
		};
/* End PBXNativeTarget section */

/* Begin PBXProject section */
		883C4FCF1610E86900762030 /* Project object */ = {
			isa = PBXProject;
			attributes = {
				CLASSPREFIX = Storyboard;
				LastUpgradeCheck = 0450;
				ORGANIZATIONNAME = "Neil Smyth";
			};
			buildConfigurationList = 883C4FD21610E86900762030 /* Build configuration list for PBXProject "Storyboard" */;
			compatibilityVersion = "Xcode 3.2";
			developmentRegion = English;
			hasScannedForEncodings = 0;
			knownRegions = (
				en,
			);
			mainGroup = 883C4FCD1610E86900762030;
			productRefGroup = 883C4FD91610E86900762030 /* Products */;
			projectDirPath = "";
			projectRoot = "";
			targets = (
				883C4FD71610E86900762030 /* Storyboard */,
			);
		};
/* End PBXProject section */

/* Begin PBXResourcesBuildPhase section */
		883C4FD61610E86900762030 /* Resources */ = {
			isa = PBXResourcesBuildPhase;
			buildActionMask = 2147483647;
			files = (
				883C4FE71610E86900762030 /* InfoPlist.strings in Resources */,
				883C4FEF1610E86900762030 /* Default.png in Resources */,
				883C4FF11610E86900762030 /* Default@2x.png in Resources */,
				883C4FF31610E86900762030 /* Default-568h@2x.png in Resources */,
				883C4FF61610E86900762030 /* MainStoryboard.storyboard in Resources */,
			);
			runOnlyForDeploymentPostprocessing = 0;
		};
/* End PBXResourcesBuildPhase section */

/* Begin PBXSourcesBuildPhase section */
		883C4FD41610E86900762030 /* Sources */ = {
			isa = PBXSourcesBuildPhase;
			buildActionMask = 2147483647;
			files = (
				883C4FE91610E86900762030 /* main.m in Sources */,
				883C4FED1610E86900762030 /* StoryboardAppDelegate.m in Sources */,
				883C4FF91610E86900762030 /* StoryboardViewController.m in Sources */,
				883C50011610EA4B00762030 /* Scene2ViewController.m in Sources */,
			);
			runOnlyForDeploymentPostprocessing = 0;
		};
/* End PBXSourcesBuildPhase section */

/* Begin PBXVariantGroup section */
		883C4FE51610E86900762030 /* InfoPlist.strings */ = {
			isa = PBXVariantGroup;
			children = (
				883C4FE61610E86900762030 /* en */,
			);
			name = InfoPlist.strings;
			sourceTree = "<group>";
		};
		883C4FF41610E86900762030 /* MainStoryboard.storyboard */ = {
			isa = PBXVariantGroup;
			children = (
				883C4FF51610E86900762030 /* en */,
			);
			name = MainStoryboard.storyboard;
			sourceTree = "<group>";
		};
/* End PBXVariantGroup section */

/* Begin XCBuildConfiguration section */
		883C4FFA1610E86900762030 /* Debug */ = {
			isa = XCBuildConfiguration;
			buildSettings = {
				ALWAYS_SEARCH_USER_PATHS = NO;
				CLANG_CXX_LANGUAGE_STANDARD = "gnu++0x";
				CLANG_CXX_LIBRARY = "libc++";
				CLANG_ENABLE_OBJC_ARC = YES;
				CLANG_WARN_EMPTY_BODY = YES;
				CLANG_WARN__DUPLICATE_METHOD_MATCH = YES;
				"CODE_SIGN_IDENTITY[sdk=iphoneos*]" = "iPhone Developer";
				COPY_PHASE_STRIP = NO;
				GCC_C_LANGUAGE_STANDARD = gnu99;
				GCC_DYNAMIC_NO_PIC = NO;
				GCC_OPTIMIZATION_LEVEL = 0;
				GCC_PREPROCESSOR_DEFINITIONS = (
					"DEBUG=1",
					"$(inherited)",
				);
				GCC_SYMBOLS_PRIVATE_EXTERN = NO;
				GCC_WARN_ABOUT_RETURN_TYPE = YES;
				GCC_WARN_UNINITIALIZED_AUTOS = YES;
				GCC_WARN_UNUSED_VARIABLE = YES;
				IPHONEOS_DEPLOYMENT_TARGET = 6.0;
				SDKROOT = iphoneos;
			};
			name = Debug;
		};
		883C4FFB1610E86900762030 /* Release */ = {
			isa = XCBuildConfiguration;
			buildSettings = {
				ALWAYS_SEARCH_USER_PATHS = NO;
				CLANG_CXX_LANGUAGE_STANDARD = "gnu++0x";
				CLANG_CXX_LIBRARY = "libc++";
				CLANG_ENABLE_OBJC_ARC = YES;
				CLANG_WARN_EMPTY_BODY = YES;
				CLANG_WARN__DUPLICATE_METHOD_MATCH = YES;
				"CODE_SIGN_IDENTITY[sdk=iphoneos*]" = "iPhone Developer";
				COPY_PHASE_STRIP = YES;
				GCC_C_LANGUAGE_STANDARD = gnu99;
				GCC_WARN_ABOUT_RETURN_TYPE = YES;
				GCC_WARN_UNINITIALIZED_AUTOS = YES;
				GCC_WARN_UNUSED_VARIABLE = YES;
				IPHONEOS_DEPLOYMENT_TARGET = 6.0;
				OTHER_CFLAGS = "-DNS_BLOCK_ASSERTIONS=1";
				SDKROOT = iphoneos;
				VALIDATE_PRODUCT = YES;
			};
			name = Release;
		};
		883C4FFD1610E86900762030 /* Debug */ = {
			isa = XCBuildConfiguration;
			buildSettings = {
				GCC_PRECOMPILE_PREFIX_HEADER = YES;
				GCC_PREFIX_HEADER = "Storyboard/Storyboard-Prefix.pch";
				INFOPLIST_FILE = "Storyboard/Storyboard-Info.plist";
				PRODUCT_NAME = "$(TARGET_NAME)";
				WRAPPER_EXTENSION = app;
			};
			name = Debug;
		};
		883C4FFE1610E86900762030 /* Release */ = {
			isa = XCBuildConfiguration;
			buildSettings = {
				GCC_PRECOMPILE_PREFIX_HEADER = YES;
				GCC_PREFIX_HEADER = "Storyboard/Storyboard-Prefix.pch";
				INFOPLIST_FILE = "Storyboard/Storyboard-Info.plist";
				PRODUCT_NAME = "$(TARGET_NAME)";
				WRAPPER_EXTENSION = app;
			};
			name = Release;
		};
/* End XCBuildConfiguration section */

/* Begin XCConfigurationList section */
		883C4FD21610E86900762030 /* Build configuration list for PBXProject "Storyboard" */ = {
			isa = XCConfigurationList;
			buildConfigurations = (
				883C4FFA1610E86900762030 /* Debug */,
				883C4FFB1610E86900762030 /* Release */,
			);
			defaultConfigurationIsVisible = 0;
			defaultConfigurationName = Release;
		};
		883C4FFC1610E86900762030 /* Build configuration list for PBXNativeTarget "Storyboard" */ = {
			isa = XCConfigurationList;
			buildConfigurations = (
				883C4FFD1610E86900762030 /* Debug */,
				883C4FFE1610E86900762030 /* Release */,
			);
			defaultConfigurationIsVisible = 0;
		};
/* End XCConfigurationList section */
	};
	rootObject = 883C4FCF1610E86900762030 /* Project object */;
}
